// !$*UTF8*$!
{
	archiveVersion = 1;
	classes = {
	};
	objectVersion = 51;
	objects = {

/* Begin PBXBuildFile section */
		7B43A13C2585C69000969605 /* mapsViewController.swift in Sources */ = {isa = PBXBuildFile; fileRef = 7B43A13B2585C69000969605 /* mapsViewController.swift */; };
		CC0A235023E3871C003F1F8E /* AppDelegate.swift in Sources */ = {isa = PBXBuildFile; fileRef = CC0A234F23E3871C003F1F8E /* AppDelegate.swift */; };
		CC0A235223E3871C003F1F8E /* SceneDelegate.swift in Sources */ = {isa = PBXBuildFile; fileRef = CC0A235123E3871C003F1F8E /* SceneDelegate.swift */; };
		CC0A235423E3871C003F1F8E /* WelcomeViewController.swift in Sources */ = {isa = PBXBuildFile; fileRef = CC0A235323E3871C003F1F8E /* WelcomeViewController.swift */; };
		CC0A235C23E3871D003F1F8E /* Assets.xcassets in Resources */ = {isa = PBXBuildFile; fileRef = CC0A235B23E3871D003F1F8E /* Assets.xcassets */; };
		CC0A235F23E3871D003F1F8E /* LaunchScreen.storyboard in Resources */ = {isa = PBXBuildFile; fileRef = CC0A235D23E3871D003F1F8E /* LaunchScreen.storyboard */; };
		CC0A236723E387F2003F1F8E /* GoogleService-Info.plist in Resources */ = {isa = PBXBuildFile; fileRef = CC0A236623E387F2003F1F8E /* GoogleService-Info.plist */; };
		CC433780244E65C1007A9E04 /* Pet.swift in Sources */ = {isa = PBXBuildFile; fileRef = CC43377F244E65C1007A9E04 /* Pet.swift */; };
		CC433782244E722B007A9E04 /* Appointment.swift in Sources */ = {isa = PBXBuildFile; fileRef = CC433781244E722B007A9E04 /* Appointment.swift */; };
		CC4443EF24716127006C22C8 /* VaccinesTableViewController.swift in Sources */ = {isa = PBXBuildFile; fileRef = CC4443EE24716127006C22C8 /* VaccinesTableViewController.swift */; };
		CC4443F1247162DD006C22C8 /* GroomingTableViewController.swift in Sources */ = {isa = PBXBuildFile; fileRef = CC4443F0247162DD006C22C8 /* GroomingTableViewController.swift */; };
		CC45BA06244946CF008903C7 /* Extensions.swift in Sources */ = {isa = PBXBuildFile; fileRef = CC45BA05244946CF008903C7 /* Extensions.swift */; };
		CC45C52E244F912600FC7679 /* PetDetailsViewController.swift in Sources */ = {isa = PBXBuildFile; fileRef = CC45C52D244F912600FC7679 /* PetDetailsViewController.swift */; };
		CC45C532244FD05100FC7679 /* HeaderLabel.swift in Sources */ = {isa = PBXBuildFile; fileRef = CC45C531244FD05100FC7679 /* HeaderLabel.swift */; };
		CC45CAE724425CBE00DBE5C9 /* User.swift in Sources */ = {isa = PBXBuildFile; fileRef = CC45CAE624425CBE00DBE5C9 /* User.swift */; };
		CC45CAEE24426E7200DBE5C9 /* UserProfileViewController.swift in Sources */ = {isa = PBXBuildFile; fileRef = CC45CAED24426E7200DBE5C9 /* UserProfileViewController.swift */; };
		CC45CAF2244276AB00DBE5C9 /* SinglePetAppointmentsViewController.swift in Sources */ = {isa = PBXBuildFile; fileRef = CC45CAF1244276AB00DBE5C9 /* SinglePetAppointmentsViewController.swift */; };
		CC58577A23E3ACCE000EF3B3 /* LogInViewController.swift in Sources */ = {isa = PBXBuildFile; fileRef = CC58577923E3ACCE000EF3B3 /* LogInViewController.swift */; };
		CC58577C23E3ACE1000EF3B3 /* SignUpViewController.swift in Sources */ = {isa = PBXBuildFile; fileRef = CC58577B23E3ACE1000EF3B3 /* SignUpViewController.swift */; };
		CC5B2CD7258EDDBB00565D1F /* AddAppointmentViewController.swift in Sources */ = {isa = PBXBuildFile; fileRef = CC5B2CD6258EDDBB00565D1F /* AddAppointmentViewController.swift */; };
		CC5B2CDB258EDDD600565D1F /* AddVaccineViewController.swift in Sources */ = {isa = PBXBuildFile; fileRef = CC5B2CDA258EDDD600565D1F /* AddVaccineViewController.swift */; };
		CC5B2CE2258EDDFE00565D1F /* AddGroomViewController.swift in Sources */ = {isa = PBXBuildFile; fileRef = CC5B2CE1258EDDFE00565D1F /* AddGroomViewController.swift */; };
		CC6672DA248700A700BB9E1F /* FullBackgroundImage.swift in Sources */ = {isa = PBXBuildFile; fileRef = CC6672D9248700A700BB9E1F /* FullBackgroundImage.swift */; };
		CC6672DC248AC79600BB9E1F /* ConstraintController.swift in Sources */ = {isa = PBXBuildFile; fileRef = CC6672DB248AC79600BB9E1F /* ConstraintController.swift */; };
		CC77854C25845BF100AAB503 /* TabBarViewController.swift in Sources */ = {isa = PBXBuildFile; fileRef = CC77854B25845BF100AAB503 /* TabBarViewController.swift */; };
		CC9BD6E6242D7C5800082E9B /* HomeScreenViewController.swift in Sources */ = {isa = PBXBuildFile; fileRef = CC9BD6E5242D7C5800082E9B /* HomeScreenViewController.swift */; };
		CC9BD6E8242D868000082E9B /* SignInButtonCustom.swift in Sources */ = {isa = PBXBuildFile; fileRef = CC9BD6E7242D868000082E9B /* SignInButtonCustom.swift */; };
		CC9BD6EA242D8AE600082E9B /* Constants.swift in Sources */ = {isa = PBXBuildFile; fileRef = CC9BD6E9242D8AE600082E9B /* Constants.swift */; };
		CCBEF64C25901ABC00A571E7 /* Medication.swift in Sources */ = {isa = PBXBuildFile; fileRef = CCBEF64B25901ABC00A571E7 /* Medication.swift */; };
		CCBEF64F25901B4000A571E7 /* MedicationTableViewController.swift in Sources */ = {isa = PBXBuildFile; fileRef = CCBEF64E25901B4000A571E7 /* MedicationTableViewController.swift */; };
		CCBEF65225901B5200A571E7 /* FoodTableViewController.swift in Sources */ = {isa = PBXBuildFile; fileRef = CCBEF65125901B5200A571E7 /* FoodTableViewController.swift */; };
		CCBEF65B25901B7700A571E7 /* InjuriesTableViewController.swift in Sources */ = {isa = PBXBuildFile; fileRef = CCBEF65A25901B7700A571E7 /* InjuriesTableViewController.swift */; };
		CCBEF66125901C9900A571E7 /* AppointmentsTableViewCell.swift in Sources */ = {isa = PBXBuildFile; fileRef = CCBEF66025901C9900A571E7 /* AppointmentsTableViewCell.swift */; };
		CCBEF66525901E1700A571E7 /* Food.swift in Sources */ = {isa = PBXBuildFile; fileRef = CCBEF66425901E1700A571E7 /* Food.swift */; };
		CCBEF6722590296200A571E7 /* Injury.swift in Sources */ = {isa = PBXBuildFile; fileRef = CCBEF6712590296200A571E7 /* Injury.swift */; };
		CCEBC5F22450288D00F4F86A /* Vaccine.swift in Sources */ = {isa = PBXBuildFile; fileRef = CCEBC5F12450288D00F4F86A /* Vaccine.swift */; };
		CCEBC5F62450510800F4F86A /* Groom.swift in Sources */ = {isa = PBXBuildFile; fileRef = CCEBC5F52450510800F4F86A /* Groom.swift */; };
		CCEBC61124567B6400F4F86A /* DateHelper.swift in Sources */ = {isa = PBXBuildFile; fileRef = CCEBC61024567B6400F4F86A /* DateHelper.swift */; };
		CCEBC617245A45E500F4F86A /* AllAppointmentsViewController.swift in Sources */ = {isa = PBXBuildFile; fileRef = CCEBC616245A45E500F4F86A /* AllAppointmentsViewController.swift */; };
		DEAFB27FD8D1B2F62D984440 /* Pods_Pet_Records.framework in Frameworks */ = {isa = PBXBuildFile; fileRef = 6FECA4DCED89F36EFF406323 /* Pods_Pet_Records.framework */; };
/* End PBXBuildFile section */

/* Begin PBXFileReference section */
		417F959A40DBFA2F416F5D7E /* Pods-Pet Records.release.xcconfig */ = {isa = PBXFileReference; includeInIndex = 1; lastKnownFileType = text.xcconfig; name = "Pods-Pet Records.release.xcconfig"; path = "Target Support Files/Pods-Pet Records/Pods-Pet Records.release.xcconfig"; sourceTree = "<group>"; };
		6FECA4DCED89F36EFF406323 /* Pods_Pet_Records.framework */ = {isa = PBXFileReference; explicitFileType = wrapper.framework; includeInIndex = 0; path = Pods_Pet_Records.framework; sourceTree = BUILT_PRODUCTS_DIR; };
		7B43A13B2585C69000969605 /* mapsViewController.swift */ = {isa = PBXFileReference; lastKnownFileType = sourcecode.swift; path = mapsViewController.swift; sourceTree = "<group>"; };
		9F6FDBE3327CF0CA322AAA1A /* Pods-Pet Records.debug.xcconfig */ = {isa = PBXFileReference; includeInIndex = 1; lastKnownFileType = text.xcconfig; name = "Pods-Pet Records.debug.xcconfig"; path = "Target Support Files/Pods-Pet Records/Pods-Pet Records.debug.xcconfig"; sourceTree = "<group>"; };
		CC0A234C23E3871C003F1F8E /* Pet Records.app */ = {isa = PBXFileReference; explicitFileType = wrapper.application; includeInIndex = 0; path = "Pet Records.app"; sourceTree = BUILT_PRODUCTS_DIR; };
		CC0A234F23E3871C003F1F8E /* AppDelegate.swift */ = {isa = PBXFileReference; lastKnownFileType = sourcecode.swift; path = AppDelegate.swift; sourceTree = "<group>"; };
		CC0A235123E3871C003F1F8E /* SceneDelegate.swift */ = {isa = PBXFileReference; lastKnownFileType = sourcecode.swift; path = SceneDelegate.swift; sourceTree = "<group>"; };
		CC0A235323E3871C003F1F8E /* WelcomeViewController.swift */ = {isa = PBXFileReference; lastKnownFileType = sourcecode.swift; path = WelcomeViewController.swift; sourceTree = "<group>"; };
		CC0A235B23E3871D003F1F8E /* Assets.xcassets */ = {isa = PBXFileReference; lastKnownFileType = folder.assetcatalog; path = Assets.xcassets; sourceTree = "<group>"; };
		CC0A235E23E3871D003F1F8E /* Base */ = {isa = PBXFileReference; lastKnownFileType = file.storyboard; name = Base; path = Base.lproj/LaunchScreen.storyboard; sourceTree = "<group>"; };
		CC0A236023E3871D003F1F8E /* Info.plist */ = {isa = PBXFileReference; lastKnownFileType = text.plist.xml; name = Info.plist; path = "Pet Records/SupportingFiles/Info.plist"; sourceTree = SOURCE_ROOT; };
		CC0A236623E387F2003F1F8E /* GoogleService-Info.plist */ = {isa = PBXFileReference; fileEncoding = 4; lastKnownFileType = text.plist.xml; path = "GoogleService-Info.plist"; sourceTree = "<group>"; };
		CC43377F244E65C1007A9E04 /* Pet.swift */ = {isa = PBXFileReference; lastKnownFileType = sourcecode.swift; path = Pet.swift; sourceTree = "<group>"; };
		CC433781244E722B007A9E04 /* Appointment.swift */ = {isa = PBXFileReference; lastKnownFileType = sourcecode.swift; path = Appointment.swift; sourceTree = "<group>"; };
		CC4443EE24716127006C22C8 /* VaccinesTableViewController.swift */ = {isa = PBXFileReference; lastKnownFileType = sourcecode.swift; path = VaccinesTableViewController.swift; sourceTree = "<group>"; };
		CC4443F0247162DD006C22C8 /* GroomingTableViewController.swift */ = {isa = PBXFileReference; lastKnownFileType = sourcecode.swift; path = GroomingTableViewController.swift; sourceTree = "<group>"; };
		CC45BA05244946CF008903C7 /* Extensions.swift */ = {isa = PBXFileReference; lastKnownFileType = sourcecode.swift; path = Extensions.swift; sourceTree = "<group>"; };
		CC45C52D244F912600FC7679 /* PetDetailsViewController.swift */ = {isa = PBXFileReference; lastKnownFileType = sourcecode.swift; path = PetDetailsViewController.swift; sourceTree = "<group>"; };
		CC45C531244FD05100FC7679 /* HeaderLabel.swift */ = {isa = PBXFileReference; lastKnownFileType = sourcecode.swift; path = HeaderLabel.swift; sourceTree = "<group>"; };
		CC45CAE624425CBE00DBE5C9 /* User.swift */ = {isa = PBXFileReference; lastKnownFileType = sourcecode.swift; path = User.swift; sourceTree = "<group>"; };
		CC45CAED24426E7200DBE5C9 /* UserProfileViewController.swift */ = {isa = PBXFileReference; lastKnownFileType = sourcecode.swift; path = UserProfileViewController.swift; sourceTree = "<group>"; };
		CC45CAF1244276AB00DBE5C9 /* SinglePetAppointmentsViewController.swift */ = {isa = PBXFileReference; lastKnownFileType = sourcecode.swift; path = SinglePetAppointmentsViewController.swift; sourceTree = "<group>"; };
		CC58577923E3ACCE000EF3B3 /* LogInViewController.swift */ = {isa = PBXFileReference; lastKnownFileType = sourcecode.swift; path = LogInViewController.swift; sourceTree = "<group>"; };
		CC58577B23E3ACE1000EF3B3 /* SignUpViewController.swift */ = {isa = PBXFileReference; lastKnownFileType = sourcecode.swift; path = SignUpViewController.swift; sourceTree = "<group>"; };
		CC5B2CD6258EDDBB00565D1F /* AddAppointmentViewController.swift */ = {isa = PBXFileReference; lastKnownFileType = sourcecode.swift; path = AddAppointmentViewController.swift; sourceTree = "<group>"; };
		CC5B2CDA258EDDD600565D1F /* AddVaccineViewController.swift */ = {isa = PBXFileReference; lastKnownFileType = sourcecode.swift; path = AddVaccineViewController.swift; sourceTree = "<group>"; };
		CC5B2CE1258EDDFE00565D1F /* AddGroomViewController.swift */ = {isa = PBXFileReference; lastKnownFileType = sourcecode.swift; path = AddGroomViewController.swift; sourceTree = "<group>"; };
		CC6672D9248700A700BB9E1F /* FullBackgroundImage.swift */ = {isa = PBXFileReference; lastKnownFileType = sourcecode.swift; path = FullBackgroundImage.swift; sourceTree = "<group>"; };
		CC6672DB248AC79600BB9E1F /* ConstraintController.swift */ = {isa = PBXFileReference; lastKnownFileType = sourcecode.swift; path = ConstraintController.swift; sourceTree = "<group>"; };
		CC77854B25845BF100AAB503 /* TabBarViewController.swift */ = {isa = PBXFileReference; lastKnownFileType = sourcecode.swift; name = TabBarViewController.swift; path = "Pet Records/View/TabBarViewController.swift"; sourceTree = SOURCE_ROOT; };
		CC9BD6E5242D7C5800082E9B /* HomeScreenViewController.swift */ = {isa = PBXFileReference; lastKnownFileType = sourcecode.swift; path = HomeScreenViewController.swift; sourceTree = "<group>"; };
		CC9BD6E7242D868000082E9B /* SignInButtonCustom.swift */ = {isa = PBXFileReference; lastKnownFileType = sourcecode.swift; path = SignInButtonCustom.swift; sourceTree = "<group>"; };
		CC9BD6E9242D8AE600082E9B /* Constants.swift */ = {isa = PBXFileReference; lastKnownFileType = sourcecode.swift; path = Constants.swift; sourceTree = "<group>"; };
		CCBEF64B25901ABC00A571E7 /* Medication.swift */ = {isa = PBXFileReference; lastKnownFileType = sourcecode.swift; path = Medication.swift; sourceTree = "<group>"; };
		CCBEF64E25901B4000A571E7 /* MedicationTableViewController.swift */ = {isa = PBXFileReference; lastKnownFileType = sourcecode.swift; path = MedicationTableViewController.swift; sourceTree = "<group>"; };
		CCBEF65125901B5200A571E7 /* FoodTableViewController.swift */ = {isa = PBXFileReference; lastKnownFileType = sourcecode.swift; path = FoodTableViewController.swift; sourceTree = "<group>"; };
		CCBEF65A25901B7700A571E7 /* InjuriesTableViewController.swift */ = {isa = PBXFileReference; lastKnownFileType = sourcecode.swift; path = InjuriesTableViewController.swift; sourceTree = "<group>"; };
		CCBEF66025901C9900A571E7 /* AppointmentsTableViewCell.swift */ = {isa = PBXFileReference; lastKnownFileType = sourcecode.swift; path = AppointmentsTableViewCell.swift; sourceTree = "<group>"; };
		CCBEF66425901E1700A571E7 /* Food.swift */ = {isa = PBXFileReference; lastKnownFileType = sourcecode.swift; path = Food.swift; sourceTree = "<group>"; };
		CCBEF6712590296200A571E7 /* Injury.swift */ = {isa = PBXFileReference; lastKnownFileType = sourcecode.swift; path = Injury.swift; sourceTree = "<group>"; };
		CCEBC5F12450288D00F4F86A /* Vaccine.swift */ = {isa = PBXFileReference; lastKnownFileType = sourcecode.swift; path = Vaccine.swift; sourceTree = "<group>"; };
		CCEBC5F52450510800F4F86A /* Groom.swift */ = {isa = PBXFileReference; lastKnownFileType = sourcecode.swift; path = Groom.swift; sourceTree = "<group>"; };
		CCEBC61024567B6400F4F86A /* DateHelper.swift */ = {isa = PBXFileReference; lastKnownFileType = sourcecode.swift; path = DateHelper.swift; sourceTree = "<group>"; };
		CCEBC616245A45E500F4F86A /* AllAppointmentsViewController.swift */ = {isa = PBXFileReference; lastKnownFileType = sourcecode.swift; path = AllAppointmentsViewController.swift; sourceTree = "<group>"; };
/* End PBXFileReference section */

/* Begin PBXFrameworksBuildPhase section */
		CC0A234923E3871C003F1F8E /* Frameworks */ = {
			isa = PBXFrameworksBuildPhase;
			buildActionMask = 2147483647;
			files = (
				DEAFB27FD8D1B2F62D984440 /* Pods_Pet_Records.framework in Frameworks */,
			);
			runOnlyForDeploymentPostprocessing = 0;
		};
/* End PBXFrameworksBuildPhase section */

/* Begin PBXGroup section */
		178DF4FF7FDAE0D8491E4707 /* Pods */ = {
			isa = PBXGroup;
			children = (
				9F6FDBE3327CF0CA322AAA1A /* Pods-Pet Records.debug.xcconfig */,
				417F959A40DBFA2F416F5D7E /* Pods-Pet Records.release.xcconfig */,
			);
			path = Pods;
			sourceTree = "<group>";
		};
		CC0A234323E3871C003F1F8E = {
			isa = PBXGroup;
			children = (
				CC0A234E23E3871C003F1F8E /* Pet Records */,
				CC0A234D23E3871C003F1F8E /* Products */,
				178DF4FF7FDAE0D8491E4707 /* Pods */,
				D3218F301FE4C4BD044431B7 /* Frameworks */,
			);
			sourceTree = "<group>";
		};
		CC0A234D23E3871C003F1F8E /* Products */ = {
			isa = PBXGroup;
			children = (
				CC0A234C23E3871C003F1F8E /* Pet Records.app */,
			);
			name = Products;
			sourceTree = "<group>";
		};
		CC0A234E23E3871C003F1F8E /* Pet Records */ = {
			isa = PBXGroup;
			children = (
				CC4700CA25818DD500DB596F /* View */,
				CC535D7825687C8800CDD229 /* Model */,
				CCEBC61B245E38F600F4F86A /* Convenience */,
				CCDA03442568787900171EB9 /* SupportingFiles */,
			);
			path = "Pet Records";
			sourceTree = "<group>";
		};
		CC45C537244FD8DA00FC7679 /* Pets */ = {
			isa = PBXGroup;
			children = (
				CC9BD6E5242D7C5800082E9B /* HomeScreenViewController.swift */,
				CC45CAED24426E7200DBE5C9 /* UserProfileViewController.swift */,
				CC45C52D244F912600FC7679 /* PetDetailsViewController.swift */,
				CC4700D42581961800DB596F /* Services */,
			);
			path = Pets;
			sourceTree = "<group>";
		};
		CC4700CA25818DD500DB596F /* View */ = {
			isa = PBXGroup;
			children = (
				CC4700D2258195BC00DB596F /* Authenticate */,
				CC45C537244FD8DA00FC7679 /* Pets */,
			);
			path = View;
			sourceTree = "<group>";
		};
		CC4700D2258195BC00DB596F /* Authenticate */ = {
			isa = PBXGroup;
			children = (
				CC0A235323E3871C003F1F8E /* WelcomeViewController.swift */,
				7B43A13B2585C69000969605 /* mapsViewController.swift */,
				CC77854B25845BF100AAB503 /* TabBarViewController.swift */,
				CC58577923E3ACCE000EF3B3 /* LogInViewController.swift */,
				CC58577B23E3ACE1000EF3B3 /* SignUpViewController.swift */,
			);
			path = Authenticate;
			sourceTree = "<group>";
		};
		CC4700D42581961800DB596F /* Services */ = {
			isa = PBXGroup;
			children = (
				CCEBC616245A45E500F4F86A /* AllAppointmentsViewController.swift */,
				CC4443EE24716127006C22C8 /* VaccinesTableViewController.swift */,
				CC45CAF1244276AB00DBE5C9 /* SinglePetAppointmentsViewController.swift */,
				CC4443F0247162DD006C22C8 /* GroomingTableViewController.swift */,
				CCBEF64E25901B4000A571E7 /* MedicationTableViewController.swift */,
				CCBEF65125901B5200A571E7 /* FoodTableViewController.swift */,
				CCBEF65A25901B7700A571E7 /* InjuriesTableViewController.swift */,
				CCBEF66B2590229600A571E7 /* Cells */,
				CCBEF66825901F5400A571E7 /* Add */,
			);
			path = Services;
			sourceTree = "<group>";
		};
		CC535D7825687C8800CDD229 /* Model */ = {
			isa = PBXGroup;
			children = (
				CC45CAE624425CBE00DBE5C9 /* User.swift */,
				CC43377F244E65C1007A9E04 /* Pet.swift */,
				CCEBC5F12450288D00F4F86A /* Vaccine.swift */,
				CC433781244E722B007A9E04 /* Appointment.swift */,
				CCEBC5F52450510800F4F86A /* Groom.swift */,
				CCBEF66425901E1700A571E7 /* Food.swift */,
				CCBEF64B25901ABC00A571E7 /* Medication.swift */,
				CCBEF6712590296200A571E7 /* Injury.swift */,
			);
			path = Model;
			sourceTree = "<group>";
		};
		CCBEF66825901F5400A571E7 /* Add */ = {
			isa = PBXGroup;
			children = (
				CC5B2CD6258EDDBB00565D1F /* AddAppointmentViewController.swift */,
				CC5B2CDA258EDDD600565D1F /* AddVaccineViewController.swift */,
				CC5B2CE1258EDDFE00565D1F /* AddGroomViewController.swift */,
			);
			path = Add;
			sourceTree = "<group>";
		};
		CCBEF66B2590229600A571E7 /* Cells */ = {
			isa = PBXGroup;
			children = (
				CCBEF66025901C9900A571E7 /* AppointmentsTableViewCell.swift */,
			);
			path = Cells;
			sourceTree = "<group>";
		};
		CCDA03442568787900171EB9 /* SupportingFiles */ = {
			isa = PBXGroup;
			children = (
				CC0A235B23E3871D003F1F8E /* Assets.xcassets */,
				CC0A235D23E3871D003F1F8E /* LaunchScreen.storyboard */,
				CC0A234F23E3871C003F1F8E /* AppDelegate.swift */,
				CC0A235123E3871C003F1F8E /* SceneDelegate.swift */,
				CC0A236623E387F2003F1F8E /* GoogleService-Info.plist */,
				CC0A236023E3871D003F1F8E /* Info.plist */,
			);
			path = SupportingFiles;
			sourceTree = "<group>";
		};
		CCEBC61B245E38F600F4F86A /* Convenience */ = {
			isa = PBXGroup;
			children = (
				CC45C531244FD05100FC7679 /* HeaderLabel.swift */,
				CC9BD6E9242D8AE600082E9B /* Constants.swift */,
				CCEBC61024567B6400F4F86A /* DateHelper.swift */,
				CC6672DB248AC79600BB9E1F /* ConstraintController.swift */,
				CC45BA05244946CF008903C7 /* Extensions.swift */,
				CC9BD6E7242D868000082E9B /* SignInButtonCustom.swift */,
				CC6672D9248700A700BB9E1F /* FullBackgroundImage.swift */,
			);
			path = Convenience;
			sourceTree = "<group>";
		};
		D3218F301FE4C4BD044431B7 /* Frameworks */ = {
			isa = PBXGroup;
			children = (
				6FECA4DCED89F36EFF406323 /* Pods_Pet_Records.framework */,
			);
			name = Frameworks;
			sourceTree = "<group>";
		};
/* End PBXGroup section */

/* Begin PBXNativeTarget section */
		CC0A234B23E3871C003F1F8E /* Pet Records */ = {
			isa = PBXNativeTarget;
			buildConfigurationList = CC0A236323E3871D003F1F8E /* Build configuration list for PBXNativeTarget "Pet Records" */;
			buildPhases = (
				72D31FBC6B92990475B344E1 /* [CP] Check Pods Manifest.lock */,
				CC0A234823E3871C003F1F8E /* Sources */,
				CC0A234923E3871C003F1F8E /* Frameworks */,
				CC0A234A23E3871C003F1F8E /* Resources */,
				2D6D7CDCBC72BCB79837D471 /* [CP] Embed Pods Frameworks */,
			);
			buildRules = (
			);
			dependencies = (
			);
			name = "Pet Records";
			productName = "Pet Records";
			productReference = CC0A234C23E3871C003F1F8E /* Pet Records.app */;
			productType = "com.apple.product-type.application";
		};
/* End PBXNativeTarget section */

/* Begin PBXProject section */
		CC0A234423E3871C003F1F8E /* Project object */ = {
			isa = PBXProject;
			attributes = {
				LastSwiftUpdateCheck = 1130;
				LastUpgradeCheck = 1220;
				ORGANIZATIONNAME = "Aaron Fulwider";
				TargetAttributes = {
					CC0A234B23E3871C003F1F8E = {
						CreatedOnToolsVersion = 11.3.1;
					};
				};
			};
			buildConfigurationList = CC0A234723E3871C003F1F8E /* Build configuration list for PBXProject "Pet Records" */;
			compatibilityVersion = "Xcode 9.3";
			developmentRegion = en;
			hasScannedForEncodings = 0;
			knownRegions = (
				en,
				Base,
			);
			mainGroup = CC0A234323E3871C003F1F8E;
			productRefGroup = CC0A234D23E3871C003F1F8E /* Products */;
			projectDirPath = "";
			projectRoot = "";
			targets = (
				CC0A234B23E3871C003F1F8E /* Pet Records */,
			);
		};
/* End PBXProject section */

/* Begin PBXResourcesBuildPhase section */
		CC0A234A23E3871C003F1F8E /* Resources */ = {
			isa = PBXResourcesBuildPhase;
			buildActionMask = 2147483647;
			files = (
				CC0A235F23E3871D003F1F8E /* LaunchScreen.storyboard in Resources */,
				CC0A236723E387F2003F1F8E /* GoogleService-Info.plist in Resources */,
				CC0A235C23E3871D003F1F8E /* Assets.xcassets in Resources */,
			);
			runOnlyForDeploymentPostprocessing = 0;
		};
/* End PBXResourcesBuildPhase section */

/* Begin PBXShellScriptBuildPhase section */
		2D6D7CDCBC72BCB79837D471 /* [CP] Embed Pods Frameworks */ = {
			isa = PBXShellScriptBuildPhase;
			buildActionMask = 2147483647;
			files = (
			);
			inputFileListPaths = (
				"${PODS_ROOT}/Target Support Files/Pods-Pet Records/Pods-Pet Records-frameworks-${CONFIGURATION}-input-files.xcfilelist",
			);
			name = "[CP] Embed Pods Frameworks";
			outputFileListPaths = (
				"${PODS_ROOT}/Target Support Files/Pods-Pet Records/Pods-Pet Records-frameworks-${CONFIGURATION}-output-files.xcfilelist",
			);
			runOnlyForDeploymentPostprocessing = 0;
			shellPath = /bin/sh;
			shellScript = "\"${PODS_ROOT}/Target Support Files/Pods-Pet Records/Pods-Pet Records-frameworks.sh\"\n";
			showEnvVarsInLog = 0;
		};
		72D31FBC6B92990475B344E1 /* [CP] Check Pods Manifest.lock */ = {
			isa = PBXShellScriptBuildPhase;
			buildActionMask = 2147483647;
			files = (
			);
			inputFileListPaths = (
			);
			inputPaths = (
				"${PODS_PODFILE_DIR_PATH}/Podfile.lock",
				"${PODS_ROOT}/Manifest.lock",
			);
			name = "[CP] Check Pods Manifest.lock";
			outputFileListPaths = (
			);
			outputPaths = (
				"$(DERIVED_FILE_DIR)/Pods-Pet Records-checkManifestLockResult.txt",
			);
			runOnlyForDeploymentPostprocessing = 0;
			shellPath = /bin/sh;
			shellScript = "diff \"${PODS_PODFILE_DIR_PATH}/Podfile.lock\" \"${PODS_ROOT}/Manifest.lock\" > /dev/null\nif [ $? != 0 ] ; then\n    # print error to STDERR\n    echo \"error: The sandbox is not in sync with the Podfile.lock. Run 'pod install' or update your CocoaPods installation.\" >&2\n    exit 1\nfi\n# This output is used by Xcode 'outputs' to avoid re-running this script phase.\necho \"SUCCESS\" > \"${SCRIPT_OUTPUT_FILE_0}\"\n";
			showEnvVarsInLog = 0;
		};
/* End PBXShellScriptBuildPhase section */

/* Begin PBXSourcesBuildPhase section */
		CC0A234823E3871C003F1F8E /* Sources */ = {
			isa = PBXSourcesBuildPhase;
			buildActionMask = 2147483647;
			files = (
				CC5B2CE2258EDDFE00565D1F /* AddGroomViewController.swift in Sources */,
				CC58577C23E3ACE1000EF3B3 /* SignUpViewController.swift in Sources */,
				CC9BD6E6242D7C5800082E9B /* HomeScreenViewController.swift in Sources */,
				CC9BD6E8242D868000082E9B /* SignInButtonCustom.swift in Sources */,
				CC4443F1247162DD006C22C8 /* GroomingTableViewController.swift in Sources */,
				CC0A235423E3871C003F1F8E /* WelcomeViewController.swift in Sources */,
				CC45CAF2244276AB00DBE5C9 /* SinglePetAppointmentsViewController.swift in Sources */,
				CC433782244E722B007A9E04 /* Appointment.swift in Sources */,
				CCBEF64C25901ABC00A571E7 /* Medication.swift in Sources */,
				CCEBC617245A45E500F4F86A /* AllAppointmentsViewController.swift in Sources */,
				CC6672DA248700A700BB9E1F /* FullBackgroundImage.swift in Sources */,
				CC45BA06244946CF008903C7 /* Extensions.swift in Sources */,
				CC5B2CDB258EDDD600565D1F /* AddVaccineViewController.swift in Sources */,
				CCEBC5F62450510800F4F86A /* Groom.swift in Sources */,
				CC77854C25845BF100AAB503 /* TabBarViewController.swift in Sources */,
				CC45C52E244F912600FC7679 /* PetDetailsViewController.swift in Sources */,
				CC9BD6EA242D8AE600082E9B /* Constants.swift in Sources */,
				7B43A13C2585C69000969605 /* mapsViewController.swift in Sources */,
				CC45CAE724425CBE00DBE5C9 /* User.swift in Sources */,
				CCBEF64F25901B4000A571E7 /* MedicationTableViewController.swift in Sources */,
				CC0A235023E3871C003F1F8E /* AppDelegate.swift in Sources */,
				CCBEF65B25901B7700A571E7 /* InjuriesTableViewController.swift in Sources */,
				CC45CAEE24426E7200DBE5C9 /* UserProfileViewController.swift in Sources */,
				CC4443EF24716127006C22C8 /* VaccinesTableViewController.swift in Sources */,
				CCBEF6722590296200A571E7 /* Injury.swift in Sources */,
				CC433780244E65C1007A9E04 /* Pet.swift in Sources */,
				CCEBC61124567B6400F4F86A /* DateHelper.swift in Sources */,
				CC45C532244FD05100FC7679 /* HeaderLabel.swift in Sources */,
				CCBEF65225901B5200A571E7 /* FoodTableViewController.swift in Sources */,
				CCBEF66125901C9900A571E7 /* AppointmentsTableViewCell.swift in Sources */,
				CC5B2CD7258EDDBB00565D1F /* AddAppointmentViewController.swift in Sources */,
				CC58577A23E3ACCE000EF3B3 /* LogInViewController.swift in Sources */,
				CCBEF66525901E1700A571E7 /* Food.swift in Sources */,
				CC0A235223E3871C003F1F8E /* SceneDelegate.swift in Sources */,
				CC6672DC248AC79600BB9E1F /* ConstraintController.swift in Sources */,
				CCEBC5F22450288D00F4F86A /* Vaccine.swift in Sources */,
			);
			runOnlyForDeploymentPostprocessing = 0;
		};
/* End PBXSourcesBuildPhase section */

/* Begin PBXVariantGroup section */
		CC0A235D23E3871D003F1F8E /* LaunchScreen.storyboard */ = {
			isa = PBXVariantGroup;
			children = (
				CC0A235E23E3871D003F1F8E /* Base */,
			);
			name = LaunchScreen.storyboard;
			sourceTree = "<group>";
		};
/* End PBXVariantGroup section */

/* Begin XCBuildConfiguration section */
		CC0A236123E3871D003F1F8E /* Debug */ = {
			isa = XCBuildConfiguration;
			buildSettings = {
				ALWAYS_SEARCH_USER_PATHS = NO;
				CLANG_ANALYZER_NONNULL = YES;
				CLANG_ANALYZER_NUMBER_OBJECT_CONVERSION = YES_AGGRESSIVE;
				CLANG_CXX_LANGUAGE_STANDARD = "gnu++14";
				CLANG_CXX_LIBRARY = "libc++";
				CLANG_ENABLE_MODULES = YES;
				CLANG_ENABLE_OBJC_ARC = YES;
				CLANG_ENABLE_OBJC_WEAK = YES;
				CLANG_WARN_BLOCK_CAPTURE_AUTORELEASING = YES;
				CLANG_WARN_BOOL_CONVERSION = YES;
				CLANG_WARN_COMMA = YES;
				CLANG_WARN_CONSTANT_CONVERSION = YES;
				CLANG_WARN_DEPRECATED_OBJC_IMPLEMENTATIONS = YES;
				CLANG_WARN_DIRECT_OBJC_ISA_USAGE = YES_ERROR;
				CLANG_WARN_DOCUMENTATION_COMMENTS = YES;
				CLANG_WARN_EMPTY_BODY = YES;
				CLANG_WARN_ENUM_CONVERSION = YES;
				CLANG_WARN_INFINITE_RECURSION = YES;
				CLANG_WARN_INT_CONVERSION = YES;
				CLANG_WARN_NON_LITERAL_NULL_CONVERSION = YES;
				CLANG_WARN_OBJC_IMPLICIT_RETAIN_SELF = YES;
				CLANG_WARN_OBJC_LITERAL_CONVERSION = YES;
				CLANG_WARN_OBJC_ROOT_CLASS = YES_ERROR;
				CLANG_WARN_QUOTED_INCLUDE_IN_FRAMEWORK_HEADER = YES;
				CLANG_WARN_RANGE_LOOP_ANALYSIS = YES;
				CLANG_WARN_STRICT_PROTOTYPES = YES;
				CLANG_WARN_SUSPICIOUS_MOVE = YES;
				CLANG_WARN_UNGUARDED_AVAILABILITY = YES_AGGRESSIVE;
				CLANG_WARN_UNREACHABLE_CODE = YES;
				CLANG_WARN__DUPLICATE_METHOD_MATCH = YES;
				COPY_PHASE_STRIP = NO;
				DEBUG_INFORMATION_FORMAT = dwarf;
				ENABLE_STRICT_OBJC_MSGSEND = YES;
				ENABLE_TESTABILITY = YES;
				GCC_C_LANGUAGE_STANDARD = gnu11;
				GCC_DYNAMIC_NO_PIC = NO;
				GCC_NO_COMMON_BLOCKS = YES;
				GCC_OPTIMIZATION_LEVEL = 0;
				GCC_PREPROCESSOR_DEFINITIONS = (
					"DEBUG=1",
					"$(inherited)",
				);
				GCC_WARN_64_TO_32_BIT_CONVERSION = YES;
				GCC_WARN_ABOUT_RETURN_TYPE = YES_ERROR;
				GCC_WARN_UNDECLARED_SELECTOR = YES;
				GCC_WARN_UNINITIALIZED_AUTOS = YES_AGGRESSIVE;
				GCC_WARN_UNUSED_FUNCTION = YES;
				GCC_WARN_UNUSED_VARIABLE = YES;
				IPHONEOS_DEPLOYMENT_TARGET = 14.2;
				MTL_ENABLE_DEBUG_INFO = INCLUDE_SOURCE;
				MTL_FAST_MATH = YES;
				ONLY_ACTIVE_ARCH = YES;
				SDKROOT = iphoneos;
				SWIFT_ACTIVE_COMPILATION_CONDITIONS = DEBUG;
				SWIFT_OPTIMIZATION_LEVEL = "-Onone";
			};
			name = Debug;
		};
		CC0A236223E3871D003F1F8E /* Release */ = {
			isa = XCBuildConfiguration;
			buildSettings = {
				ALWAYS_SEARCH_USER_PATHS = NO;
				CLANG_ANALYZER_NONNULL = YES;
				CLANG_ANALYZER_NUMBER_OBJECT_CONVERSION = YES_AGGRESSIVE;
				CLANG_CXX_LANGUAGE_STANDARD = "gnu++14";
				CLANG_CXX_LIBRARY = "libc++";
				CLANG_ENABLE_MODULES = YES;
				CLANG_ENABLE_OBJC_ARC = YES;
				CLANG_ENABLE_OBJC_WEAK = YES;
				CLANG_WARN_BLOCK_CAPTURE_AUTORELEASING = YES;
				CLANG_WARN_BOOL_CONVERSION = YES;
				CLANG_WARN_COMMA = YES;
				CLANG_WARN_CONSTANT_CONVERSION = YES;
				CLANG_WARN_DEPRECATED_OBJC_IMPLEMENTATIONS = YES;
				CLANG_WARN_DIRECT_OBJC_ISA_USAGE = YES_ERROR;
				CLANG_WARN_DOCUMENTATION_COMMENTS = YES;
				CLANG_WARN_EMPTY_BODY = YES;
				CLANG_WARN_ENUM_CONVERSION = YES;
				CLANG_WARN_INFINITE_RECURSION = YES;
				CLANG_WARN_INT_CONVERSION = YES;
				CLANG_WARN_NON_LITERAL_NULL_CONVERSION = YES;
				CLANG_WARN_OBJC_IMPLICIT_RETAIN_SELF = YES;
				CLANG_WARN_OBJC_LITERAL_CONVERSION = YES;
				CLANG_WARN_OBJC_ROOT_CLASS = YES_ERROR;
				CLANG_WARN_QUOTED_INCLUDE_IN_FRAMEWORK_HEADER = YES;
				CLANG_WARN_RANGE_LOOP_ANALYSIS = YES;
				CLANG_WARN_STRICT_PROTOTYPES = YES;
				CLANG_WARN_SUSPICIOUS_MOVE = YES;
				CLANG_WARN_UNGUARDED_AVAILABILITY = YES_AGGRESSIVE;
				CLANG_WARN_UNREACHABLE_CODE = YES;
				CLANG_WARN__DUPLICATE_METHOD_MATCH = YES;
				COPY_PHASE_STRIP = NO;
				DEBUG_INFORMATION_FORMAT = dwarf;
				ENABLE_NS_ASSERTIONS = NO;
				ENABLE_STRICT_OBJC_MSGSEND = YES;
				GCC_C_LANGUAGE_STANDARD = gnu11;
				GCC_NO_COMMON_BLOCKS = YES;
				GCC_WARN_64_TO_32_BIT_CONVERSION = YES;
				GCC_WARN_ABOUT_RETURN_TYPE = YES_ERROR;
				GCC_WARN_UNDECLARED_SELECTOR = YES;
				GCC_WARN_UNINITIALIZED_AUTOS = YES_AGGRESSIVE;
				GCC_WARN_UNUSED_FUNCTION = YES;
				GCC_WARN_UNUSED_VARIABLE = YES;
				IPHONEOS_DEPLOYMENT_TARGET = 14.2;
				MTL_ENABLE_DEBUG_INFO = NO;
				MTL_FAST_MATH = YES;
				SDKROOT = iphoneos;
				SWIFT_COMPILATION_MODE = wholemodule;
				SWIFT_OPTIMIZATION_LEVEL = "-O";
				VALIDATE_PRODUCT = YES;
			};
			name = Release;
		};
		CC0A236423E3871D003F1F8E /* Debug */ = {
			isa = XCBuildConfiguration;
			baseConfigurationReference = 9F6FDBE3327CF0CA322AAA1A /* Pods-Pet Records.debug.xcconfig */;
			buildSettings = {
				ASSETCATALOG_COMPILER_APPICON_NAME = AppIcon;
				CODE_SIGN_STYLE = Automatic;
				DEVELOPMENT_TEAM = ZD753K9SY2;
				INFOPLIST_FILE = "Pet Records/SupportingFiles/Info.plist";
				LD_RUNPATH_SEARCH_PATHS = (
					"$(inherited)",
					"@executable_path/Frameworks",
				);
				PRODUCT_BUNDLE_IDENTIFIER = "com.afulwider.Pet-Records";
				PRODUCT_NAME = "$(TARGET_NAME)";
				SWIFT_VERSION = 5.0;
				TARGETED_DEVICE_FAMILY = "1,2";
			};
			name = Debug;
		};
		CC0A236523E3871D003F1F8E /* Release */ = {
			isa = XCBuildConfiguration;
			baseConfigurationReference = 417F959A40DBFA2F416F5D7E /* Pods-Pet Records.release.xcconfig */;
			buildSettings = {
				ASSETCATALOG_COMPILER_APPICON_NAME = AppIcon;
				CODE_SIGN_STYLE = Automatic;
				DEVELOPMENT_TEAM = ZD753K9SY2;
				INFOPLIST_FILE = "Pet Records/SupportingFiles/Info.plist";
				LD_RUNPATH_SEARCH_PATHS = (
					"$(inherited)",
					"@executable_path/Frameworks",
				);
				PRODUCT_BUNDLE_IDENTIFIER = "com.afulwider.Pet-Records";
				PRODUCT_NAME = "$(TARGET_NAME)";
				SWIFT_VERSION = 5.0;
				TARGETED_DEVICE_FAMILY = "1,2";
			};
			name = Release;
		};
/* End XCBuildConfiguration section */

/* Begin XCConfigurationList section */
		CC0A234723E3871C003F1F8E /* Build configuration list for PBXProject "Pet Records" */ = {
			isa = XCConfigurationList;
			buildConfigurations = (
				CC0A236123E3871D003F1F8E /* Debug */,
				CC0A236223E3871D003F1F8E /* Release */,
			);
			defaultConfigurationIsVisible = 0;
			defaultConfigurationName = Release;
		};
		CC0A236323E3871D003F1F8E /* Build configuration list for PBXNativeTarget "Pet Records" */ = {
			isa = XCConfigurationList;
			buildConfigurations = (
				CC0A236423E3871D003F1F8E /* Debug */,
				CC0A236523E3871D003F1F8E /* Release */,
			);
			defaultConfigurationIsVisible = 0;
			defaultConfigurationName = Release;
		};
/* End XCConfigurationList section */
	};
	rootObject = CC0A234423E3871C003F1F8E /* Project object */;
}
